// !$*UTF8*$!
{
	archiveVersion = 1;
	classes = {
	};
	objectVersion = 50;
	objects = {

/* Begin PBXBuildFile section */
		D35AE9E02379B8DC00CF3F36 /* AddNewAlarmVC.swift in Sources */ = {isa = PBXBuildFile; fileRef = D35AE9DF2379B8DC00CF3F36 /* AddNewAlarmVC.swift */; };
		D35AE9E22379CA2E00CF3F36 /* MainCollectionViewCell.swift in Sources */ = {isa = PBXBuildFile; fileRef = D35AE9E12379CA2E00CF3F36 /* MainCollectionViewCell.swift */; };
		D35AE9E92379E0F700CF3F36 /* Sahel-FD.ttf in Resources */ = {isa = PBXBuildFile; fileRef = D35AE9E42379E0F700CF3F36 /* Sahel-FD.ttf */; };
		D35AE9EA2379E0F700CF3F36 /* Sahel-Black-FD.ttf in Resources */ = {isa = PBXBuildFile; fileRef = D35AE9E52379E0F700CF3F36 /* Sahel-Black-FD.ttf */; };
		D35AE9EB2379E0F700CF3F36 /* Sahel-Light-FD.ttf in Resources */ = {isa = PBXBuildFile; fileRef = D35AE9E62379E0F700CF3F36 /* Sahel-Light-FD.ttf */; };
		D35AE9EC2379E0F700CF3F36 /* Sahel-SemiBold-FD.ttf in Resources */ = {isa = PBXBuildFile; fileRef = D35AE9E72379E0F700CF3F36 /* Sahel-SemiBold-FD.ttf */; };
		D35AE9ED2379E0F700CF3F36 /* Sahel-Bold-FD.ttf in Resources */ = {isa = PBXBuildFile; fileRef = D35AE9E82379E0F700CF3F36 /* Sahel-Bold-FD.ttf */; };
		D3A4AD772376E1BF00BDAD14 /* AppDelegate.swift in Sources */ = {isa = PBXBuildFile; fileRef = D3A4AD762376E1BF00BDAD14 /* AppDelegate.swift */; };
		D3A4AD792376E1BF00BDAD14 /* SceneDelegate.swift in Sources */ = {isa = PBXBuildFile; fileRef = D3A4AD782376E1BF00BDAD14 /* SceneDelegate.swift */; };
		D3A4AD7B2376E1BF00BDAD14 /* ViewController.swift in Sources */ = {isa = PBXBuildFile; fileRef = D3A4AD7A2376E1BF00BDAD14 /* ViewController.swift */; };
		D3A4AD7E2376E1BF00BDAD14 /* Main.storyboard in Resources */ = {isa = PBXBuildFile; fileRef = D3A4AD7C2376E1BF00BDAD14 /* Main.storyboard */; };
		D3A4AD802376E1C100BDAD14 /* Assets.xcassets in Resources */ = {isa = PBXBuildFile; fileRef = D3A4AD7F2376E1C100BDAD14 /* Assets.xcassets */; };
		D3A4AD832376E1C100BDAD14 /* LaunchScreen.storyboard in Resources */ = {isa = PBXBuildFile; fileRef = D3A4AD812376E1C100BDAD14 /* LaunchScreen.storyboard */; };
/* End PBXBuildFile section */

/* Begin PBXFileReference section */
		D35AE9DF2379B8DC00CF3F36 /* AddNewAlarmVC.swift */ = {isa = PBXFileReference; lastKnownFileType = sourcecode.swift; path = AddNewAlarmVC.swift; sourceTree = "<group>"; };
		D35AE9E12379CA2E00CF3F36 /* MainCollectionViewCell.swift */ = {isa = PBXFileReference; lastKnownFileType = sourcecode.swift; path = MainCollectionViewCell.swift; sourceTree = "<group>"; };
		D35AE9E42379E0F700CF3F36 /* Sahel-FD.ttf */ = {isa = PBXFileReference; lastKnownFileType = file; path = "Sahel-FD.ttf"; sourceTree = "<group>"; };
		D35AE9E52379E0F700CF3F36 /* Sahel-Black-FD.ttf */ = {isa = PBXFileReference; lastKnownFileType = file; path = "Sahel-Black-FD.ttf"; sourceTree = "<group>"; };
		D35AE9E62379E0F700CF3F36 /* Sahel-Light-FD.ttf */ = {isa = PBXFileReference; lastKnownFileType = file; path = "Sahel-Light-FD.ttf"; sourceTree = "<group>"; };
		D35AE9E72379E0F700CF3F36 /* Sahel-SemiBold-FD.ttf */ = {isa = PBXFileReference; lastKnownFileType = file; path = "Sahel-SemiBold-FD.ttf"; sourceTree = "<group>"; };
		D35AE9E82379E0F700CF3F36 /* Sahel-Bold-FD.ttf */ = {isa = PBXFileReference; lastKnownFileType = file; path = "Sahel-Bold-FD.ttf"; sourceTree = "<group>"; };
		D3A4AD732376E1BF00BDAD14 /* Alarm.app */ = {isa = PBXFileReference; explicitFileType = wrapper.application; includeInIndex = 0; path = Alarm.app; sourceTree = BUILT_PRODUCTS_DIR; };
		D3A4AD762376E1BF00BDAD14 /* AppDelegate.swift */ = {isa = PBXFileReference; lastKnownFileType = sourcecode.swift; path = AppDelegate.swift; sourceTree = "<group>"; };
		D3A4AD782376E1BF00BDAD14 /* SceneDelegate.swift */ = {isa = PBXFileReference; lastKnownFileType = sourcecode.swift; path = SceneDelegate.swift; sourceTree = "<group>"; };
		D3A4AD7A2376E1BF00BDAD14 /* ViewController.swift */ = {isa = PBXFileReference; lastKnownFileType = sourcecode.swift; path = ViewController.swift; sourceTree = "<group>"; };
		D3A4AD7D2376E1BF00BDAD14 /* Base */ = {isa = PBXFileReference; lastKnownFileType = file.storyboard; name = Base; path = Base.lproj/Main.storyboard; sourceTree = "<group>"; };
		D3A4AD7F2376E1C100BDAD14 /* Assets.xcassets */ = {isa = PBXFileReference; lastKnownFileType = folder.assetcatalog; path = Assets.xcassets; sourceTree = "<group>"; };
		D3A4AD822376E1C100BDAD14 /* Base */ = {isa = PBXFileReference; lastKnownFileType = file.storyboard; name = Base; path = Base.lproj/LaunchScreen.storyboard; sourceTree = "<group>"; };
		D3A4AD842376E1C100BDAD14 /* Info.plist */ = {isa = PBXFileReference; lastKnownFileType = text.plist.xml; path = Info.plist; sourceTree = "<group>"; };
/* End PBXFileReference section */

/* Begin PBXFrameworksBuildPhase section */
		D3A4AD702376E1BF00BDAD14 /* Frameworks */ = {
			isa = PBXFrameworksBuildPhase;
			buildActionMask = 2147483647;
			files = (
			);
			runOnlyForDeploymentPostprocessing = 0;
		};
/* End PBXFrameworksBuildPhase section */

/* Begin PBXGroup section */
		D35AE9E32379E0E900CF3F36 /* Fonts */ = {
			isa = PBXGroup;
			children = (
				D35AE9E52379E0F700CF3F36 /* Sahel-Black-FD.ttf */,
				D35AE9E82379E0F700CF3F36 /* Sahel-Bold-FD.ttf */,
				D35AE9E42379E0F700CF3F36 /* Sahel-FD.ttf */,
				D35AE9E62379E0F700CF3F36 /* Sahel-Light-FD.ttf */,
				D35AE9E72379E0F700CF3F36 /* Sahel-SemiBold-FD.ttf */,
			);
			path = Fonts;
			sourceTree = "<group>";
		};
		D3A4AD6A2376E1BF00BDAD14 = {
			isa = PBXGroup;
			children = (
				D3A4AD752376E1BF00BDAD14 /* Alarm */,
				D3A4AD742376E1BF00BDAD14 /* Products */,
			);
			sourceTree = "<group>";
		};
		D3A4AD742376E1BF00BDAD14 /* Products */ = {
			isa = PBXGroup;
			children = (
				D3A4AD732376E1BF00BDAD14 /* Alarm.app */,
			);
			name = Products;
			sourceTree = "<group>";
		};
		D3A4AD752376E1BF00BDAD14 /* Alarm */ = {
			isa = PBXGroup;
			children = (
				D3A4AD762376E1BF00BDAD14 /* AppDelegate.swift */,
				D3A4AD782376E1BF00BDAD14 /* SceneDelegate.swift */,
				D3A4AD7A2376E1BF00BDAD14 /* ViewController.swift */,
				D35AE9E12379CA2E00CF3F36 /* MainCollectionViewCell.swift */,
				D35AE9DF2379B8DC00CF3F36 /* AddNewAlarmVC.swift */,
				D3A4AD7C2376E1BF00BDAD14 /* Main.storyboard */,
				D3A4AD7F2376E1C100BDAD14 /* Assets.xcassets */,
				D3A4AD812376E1C100BDAD14 /* LaunchScreen.storyboard */,
				D3A4AD842376E1C100BDAD14 /* Info.plist */,
				D35AE9E32379E0E900CF3F36 /* Fonts */,
			);
			path = Alarm;
			sourceTree = "<group>";
		};
/* End PBXGroup section */

/* Begin PBXNativeTarget section */
		D3A4AD722376E1BF00BDAD14 /* Alarm */ = {
			isa = PBXNativeTarget;
			buildConfigurationList = D3A4AD872376E1C100BDAD14 /* Build configuration list for PBXNativeTarget "Alarm" */;
			buildPhases = (
				D3A4AD6F2376E1BF00BDAD14 /* Sources */,
				D3A4AD702376E1BF00BDAD14 /* Frameworks */,
				D3A4AD712376E1BF00BDAD14 /* Resources */,
			);
			buildRules = (
			);
			dependencies = (
			);
			name = Alarm;
			productName = Alarm;
			productReference = D3A4AD732376E1BF00BDAD14 /* Alarm.app */;
			productType = "com.apple.product-type.application";
		};
/* End PBXNativeTarget section */

/* Begin PBXProject section */
		D3A4AD6B2376E1BF00BDAD14 /* Project object */ = {
			isa = PBXProject;
			attributes = {
				LastSwiftUpdateCheck = 1110;
				LastUpgradeCheck = 1110;
				ORGANIZATIONNAME = "Sina Rabiei";
				TargetAttributes = {
					D3A4AD722376E1BF00BDAD14 = {
						CreatedOnToolsVersion = 11.1;
					};
				};
			};
			buildConfigurationList = D3A4AD6E2376E1BF00BDAD14 /* Build configuration list for PBXProject "Alarm" */;
			compatibilityVersion = "Xcode 9.3";
			developmentRegion = en;
			hasScannedForEncodings = 0;
			knownRegions = (
				en,
				Base,
			);
			mainGroup = D3A4AD6A2376E1BF00BDAD14;
			productRefGroup = D3A4AD742376E1BF00BDAD14 /* Products */;
			projectDirPath = "";
			projectRoot = "";
			targets = (
				D3A4AD722376E1BF00BDAD14 /* Alarm */,
			);
		};
/* End PBXProject section */

/* Begin PBXResourcesBuildPhase section */
		D3A4AD712376E1BF00BDAD14 /* Resources */ = {
			isa = PBXResourcesBuildPhase;
			buildActionMask = 2147483647;
			files = (
				D35AE9E92379E0F700CF3F36 /* Sahel-FD.ttf in Resources */,
				D35AE9EB2379E0F700CF3F36 /* Sahel-Light-FD.ttf in Resources */,
				D35AE9EC2379E0F700CF3F36 /* Sahel-SemiBold-FD.ttf in Resources */,
				D3A4AD832376E1C100BDAD14 /* LaunchScreen.storyboard in Resources */,
				D3A4AD802376E1C100BDAD14 /* Assets.xcassets in Resources */,
				D35AE9EA2379E0F700CF3F36 /* Sahel-Black-FD.ttf in Resources */,
				D3A4AD7E2376E1BF00BDAD14 /* Main.storyboard in Resources */,
				D35AE9ED2379E0F700CF3F36 /* Sahel-Bold-FD.ttf in Resources */,
			);
			runOnlyForDeploymentPostprocessing = 0;
		};
/* End PBXResourcesBuildPhase section */

/* Begin PBXSourcesBuildPhase section */
		D3A4AD6F2376E1BF00BDAD14 /* Sources */ = {
			isa = PBXSourcesBuildPhase;
			buildActionMask = 2147483647;
			files = (
				D3A4AD7B2376E1BF00BDAD14 /* ViewController.swift in Sources */,
				D3A4AD772376E1BF00BDAD14 /* AppDelegate.swift in Sources */,
				D35AE9E22379CA2E00CF3F36 /* MainCollectionViewCell.swift in Sources */,
				D3A4AD792376E1BF00BDAD14 /* SceneDelegate.swift in Sources */,
				D35AE9E02379B8DC00CF3F36 /* AddNewAlarmVC.swift in Sources */,
			);
			runOnlyForDeploymentPostprocessing = 0;
		};
/* End PBXSourcesBuildPhase section */

/* Begin PBXVariantGroup section */
		D3A4AD7C2376E1BF00BDAD14 /* Main.storyboard */ = {
			isa = PBXVariantGroup;
			children = (
				D3A4AD7D2376E1BF00BDAD14 /* Base */,
			);
			name = Main.storyboard;
			sourceTree = "<group>";
		};
		D3A4AD812376E1C100BDAD14 /* LaunchScreen.storyboard */ = {
			isa = PBXVariantGroup;
			children = (
				D3A4AD822376E1C100BDAD14 /* Base */,
			);
			name = LaunchScreen.storyboard;
			sourceTree = "<group>";
		};
/* End PBXVariantGroup section */

/* Begin XCBuildConfiguration section */
		D3A4AD852376E1C100BDAD14 /* Debug */ = {
			isa = XCBuildConfiguration;
			buildSettings = {
				ALWAYS_SEARCH_USER_PATHS = NO;
				CLANG_ANALYZER_NONNULL = YES;
				CLANG_ANALYZER_NUMBER_OBJECT_CONVERSION = YES_AGGRESSIVE;
				CLANG_CXX_LANGUAGE_STANDARD = "gnu++14";
				CLANG_CXX_LIBRARY = "libc++";
				CLANG_ENABLE_MODULES = YES;
				CLANG_ENABLE_OBJC_ARC = YES;
				CLANG_ENABLE_OBJC_WEAK = YES;
				CLANG_WARN_BLOCK_CAPTURE_AUTORELEASING = YES;
				CLANG_WARN_BOOL_CONVERSION = YES;
				CLANG_WARN_COMMA = YES;
				CLANG_WARN_CONSTANT_CONVERSION = YES;
				CLANG_WARN_DEPRECATED_OBJC_IMPLEMENTATIONS = YES;
				CLANG_WARN_DIRECT_OBJC_ISA_USAGE = YES_ERROR;
				CLANG_WARN_DOCUMENTATION_COMMENTS = YES;
				CLANG_WARN_EMPTY_BODY = YES;
				CLANG_WARN_ENUM_CONVERSION = YES;
				CLANG_WARN_INFINITE_RECURSION = YES;
				CLANG_WARN_INT_CONVERSION = YES;
				CLANG_WARN_NON_LITERAL_NULL_CONVERSION = YES;
				CLANG_WARN_OBJC_IMPLICIT_RETAIN_SELF = YES;
				CLANG_WARN_OBJC_LITERAL_CONVERSION = YES;
				CLANG_WARN_OBJC_ROOT_CLASS = YES_ERROR;
				CLANG_WARN_RANGE_LOOP_ANALYSIS = YES;
				CLANG_WARN_STRICT_PROTOTYPES = YES;
				CLANG_WARN_SUSPICIOUS_MOVE = YES;
				CLANG_WARN_UNGUARDED_AVAILABILITY = YES_AGGRESSIVE;
				CLANG_WARN_UNREACHABLE_CODE = YES;
				CLANG_WARN__DUPLICATE_METHOD_MATCH = YES;
				COPY_PHASE_STRIP = NO;
				DEBUG_INFORMATION_FORMAT = dwarf;
				ENABLE_STRICT_OBJC_MSGSEND = YES;
				ENABLE_TESTABILITY = YES;
				GCC_C_LANGUAGE_STANDARD = gnu11;
				GCC_DYNAMIC_NO_PIC = NO;
				GCC_NO_COMMON_BLOCKS = YES;
				GCC_OPTIMIZATION_LEVEL = 0;
				GCC_PREPROCESSOR_DEFINITIONS = (
					"DEBUG=1",
					"$(inherited)",
				);
				GCC_WARN_64_TO_32_BIT_CONVERSION = YES;
				GCC_WARN_ABOUT_RETURN_TYPE = YES_ERROR;
				GCC_WARN_UNDECLARED_SELECTOR = YES;
				GCC_WARN_UNINITIALIZED_AUTOS = YES_AGGRESSIVE;
				GCC_WARN_UNUSED_FUNCTION = YES;
				GCC_WARN_UNUSED_VARIABLE = YES;
				IPHONEOS_DEPLOYMENT_TARGET = 13.1;
				MTL_ENABLE_DEBUG_INFO = INCLUDE_SOURCE;
				MTL_FAST_MATH = YES;
				ONLY_ACTIVE_ARCH = YES;
				SDKROOT = iphoneos;
				SWIFT_ACTIVE_COMPILATION_CONDITIONS = DEBUG;
				SWIFT_OPTIMIZATION_LEVEL = "-Onone";
			};
			name = Debug;
		};
		D3A4AD862376E1C100BDAD14 /* Release */ = {
			isa = XCBuildConfiguration;
			buildSettings = {
				ALWAYS_SEARCH_USER_PATHS = NO;
				CLANG_ANALYZER_NONNULL = YES;
				CLANG_ANALYZER_NUMBER_OBJECT_CONVERSION = YES_AGGRESSIVE;
				CLANG_CXX_LANGUAGE_STANDARD = "gnu++14";
				CLANG_CXX_LIBRARY = "libc++";
				CLANG_ENABLE_MODULES = YES;
				CLANG_ENABLE_OBJC_ARC = YES;
				CLANG_ENABLE_OBJC_WEAK = YES;
				CLANG_WARN_BLOCK_CAPTURE_AUTORELEASING = YES;
				CLANG_WARN_BOOL_CONVERSION = YES;
				CLANG_WARN_COMMA = YES;
				CLANG_WARN_CONSTANT_CONVERSION = YES;
				CLANG_WARN_DEPRECATED_OBJC_IMPLEMENTATIONS = YES;
				CLANG_WARN_DIRECT_OBJC_ISA_USAGE = YES_ERROR;
				CLANG_WARN_DOCUMENTATION_COMMENTS = YES;
				CLANG_WARN_EMPTY_BODY = YES;
				CLANG_WARN_ENUM_CONVERSION = YES;
				CLANG_WARN_INFINITE_RECURSION = YES;
				CLANG_WARN_INT_CONVERSION = YES;
				CLANG_WARN_NON_LITERAL_NULL_CONVERSION = YES;
				CLANG_WARN_OBJC_IMPLICIT_RETAIN_SELF = YES;
				CLANG_WARN_OBJC_LITERAL_CONVERSION = YES;
				CLANG_WARN_OBJC_ROOT_CLASS = YES_ERROR;
				CLANG_WARN_RANGE_LOOP_ANALYSIS = YES;
				CLANG_WARN_STRICT_PROTOTYPES = YES;
				CLANG_WARN_SUSPICIOUS_MOVE = YES;
				CLANG_WARN_UNGUARDED_AVAILABILITY = YES_AGGRESSIVE;
				CLANG_WARN_UNREACHABLE_CODE = YES;
				CLANG_WARN__DUPLICATE_METHOD_MATCH = YES;
				COPY_PHASE_STRIP = NO;
				DEBUG_INFORMATION_FORMAT = "dwarf-with-dsym";
				ENABLE_NS_ASSERTIONS = NO;
				ENABLE_STRICT_OBJC_MSGSEND = YES;
				GCC_C_LANGUAGE_STANDARD = gnu11;
				GCC_NO_COMMON_BLOCKS = YES;
				GCC_WARN_64_TO_32_BIT_CONVERSION = YES;
				GCC_WARN_ABOUT_RETURN_TYPE = YES_ERROR;
				GCC_WARN_UNDECLARED_SELECTOR = YES;
				GCC_WARN_UNINITIALIZED_AUTOS = YES_AGGRESSIVE;
				GCC_WARN_UNUSED_FUNCTION = YES;
				GCC_WARN_UNUSED_VARIABLE = YES;
				IPHONEOS_DEPLOYMENT_TARGET = 13.1;
				MTL_ENABLE_DEBUG_INFO = NO;
				MTL_FAST_MATH = YES;
				SDKROOT = iphoneos;
				SWIFT_COMPILATION_MODE = wholemodule;
				SWIFT_OPTIMIZATION_LEVEL = "-O";
				VALIDATE_PRODUCT = YES;
			};
			name = Release;
		};
		D3A4AD882376E1C100BDAD14 /* Debug */ = {
			isa = XCBuildConfiguration;
			buildSettings = {
				ASSETCATALOG_COMPILER_APPICON_NAME = AppIcon;
				CODE_SIGN_STYLE = Automatic;
				CURRENT_PROJECT_VERSION = 13;
				INFOPLIST_FILE = Alarm/Info.plist;
				IPHONEOS_DEPLOYMENT_TARGET = 11.0;
				LD_RUNPATH_SEARCH_PATHS = (
					"$(inherited)",
					"@executable_path/Frameworks",
				);
				PRODUCT_BUNDLE_IDENTIFIER = com.sinarabiei.Alarm;
				PRODUCT_NAME = "$(TARGET_NAME)";
				SWIFT_VERSION = 5.0;
				TARGETED_DEVICE_FAMILY = "1,2";
			};
			name = Debug;
		};
		D3A4AD892376E1C100BDAD14 /* Release */ = {
			isa = XCBuildConfiguration;
			buildSettings = {
				ASSETCATALOG_COMPILER_APPICON_NAME = AppIcon;
				CODE_SIGN_STYLE = Automatic;
				CURRENT_PROJECT_VERSION = 13;
				INFOPLIST_FILE = Alarm/Info.plist;
				IPHONEOS_DEPLOYMENT_TARGET = 11.0;
				LD_RUNPATH_SEARCH_PATHS = (
					"$(inherited)",
					"@executable_path/Frameworks",
				);
				PRODUCT_BUNDLE_IDENTIFIER = com.sinarabiei.Alarm;
				PRODUCT_NAME = "$(TARGET_NAME)";
				SWIFT_VERSION = 5.0;
				TARGETED_DEVICE_FAMILY = "1,2";
			};
			name = Release;
		};
/* End XCBuildConfiguration section */

/* Begin XCConfigurationList section */
		D3A4AD6E2376E1BF00BDAD14 /* Build configuration list for PBXProject "Alarm" */ = {
			isa = XCConfigurationList;
			buildConfigurations = (
				D3A4AD852376E1C100BDAD14 /* Debug */,
				D3A4AD862376E1C100BDAD14 /* Release */,
			);
			defaultConfigurationIsVisible = 0;
			defaultConfigurationName = Release;
		};
		D3A4AD872376E1C100BDAD14 /* Build configuration list for PBXNativeTarget "Alarm" */ = {
			isa = XCConfigurationList;
			buildConfigurations = (
				D3A4AD882376E1C100BDAD14 /* Debug */,
				D3A4AD892376E1C100BDAD14 /* Release */,
			);
			defaultConfigurationIsVisible = 0;
			defaultConfigurationName = Release;
		};
/* End XCConfigurationList section */
	};
	rootObject = D3A4AD6B2376E1BF00BDAD14 /* Project object */;
}
